// !$*UTF8*$!
{
	archiveVersion = 1;
	classes = {
	};
	objectVersion = 46;
	objects = {

/* Begin PBXBuildFile section */
		D61CCBFF1B7E2566004BD900 /* CE_Level.cpp in Sources */ = {isa = PBXBuildFile; fileRef = D61CCBFD1B7E2566004BD900 /* CE_Level.cpp */; };
		D61CCC031B7E5CC8004BD900 /* C2MapFile.cpp in Sources */ = {isa = PBXBuildFile; fileRef = D61CCC011B7E5CC8004BD900 /* C2MapFile.cpp */; };
		D61CCC091B7E653E004BD900 /* C2MapRscFile.cpp in Sources */ = {isa = PBXBuildFile; fileRef = D61CCC071B7E653E004BD900 /* C2MapRscFile.cpp */; };
		D61CCC0C1B7E68D0004BD900 /* C2Texture.cpp in Sources */ = {isa = PBXBuildFile; fileRef = D61CCC0A1B7E68D0004BD900 /* C2Texture.cpp */; };
		D61CCC0F1B7E7BF5004BD900 /* C2WorldModel.cpp in Sources */ = {isa = PBXBuildFile; fileRef = D61CCC0D1B7E7BF5004BD900 /* C2WorldModel.cpp */; };
		D6247C171B88F30F00088EB2 /* TerrainRenderer.cpp in Sources */ = {isa = PBXBuildFile; fileRef = D6247C151B88F30F00088EB2 /* TerrainRenderer.cpp */; };
		D64585421B7A818B00D6327E /* carnivores_mock_functions.cpp in Sources */ = {isa = PBXBuildFile; fileRef = D64585411B7A818B00D6327E /* carnivores_mock_functions.cpp */; };
		D655522D1B73DA2000CC5309 /* main.cpp in Sources */ = {isa = PBXBuildFile; fileRef = D655522C1B73DA2000CC5309 /* main.cpp */; };
		D65552391B73DA4900CC5309 /* C2AnimatableModel.cpp in Sources */ = {isa = PBXBuildFile; fileRef = D65552341B73DA4900CC5309 /* C2AnimatableModel.cpp */; };
		D655523A1B73DA4900CC5309 /* C2Character.cpp in Sources */ = {isa = PBXBuildFile; fileRef = D65552361B73DA4900CC5309 /* C2Character.cpp */; };
		D65552471B73DA7000CC5309 /* C2Geometry.cpp in Sources */ = {isa = PBXBuildFile; fileRef = D655523D1B73DA7000CC5309 /* C2Geometry.cpp */; };
		D65552481B73DA7000CC5309 /* C2HuntableCharacter.cpp in Sources */ = {isa = PBXBuildFile; fileRef = D655523F1B73DA7000CC5309 /* C2HuntableCharacter.cpp */; };
		D65552491B73DA7000CC5309 /* CE_Allosaurus.cpp in Sources */ = {isa = PBXBuildFile; fileRef = D65552401B73DA7000CC5309 /* CE_Allosaurus.cpp */; };
		D655524A1B73DA7000CC5309 /* CE_ArtificialIntelligence.cpp in Sources */ = {isa = PBXBuildFile; fileRef = D65552421B73DA7000CC5309 /* CE_ArtificialIntelligence.cpp */; };
		D65552591B73E84E00CC5309 /* C2CarFile.cpp in Sources */ = {isa = PBXBuildFile; fileRef = D65552581B73E84E00CC5309 /* C2CarFile.cpp */; };
		D655525F1B74315900CC5309 /* C2Animation.cpp in Sources */ = {isa = PBXBuildFile; fileRef = D655525D1B74315900CC5309 /* C2Animation.cpp */; };
		D65552991B755BC000CC5309 /* C2CarFilePreloader.cpp in Sources */ = {isa = PBXBuildFile; fileRef = D65552971B755BC000CC5309 /* C2CarFilePreloader.cpp */; };
		D655529C1B76955900CC5309 /* C2SoundFX.cpp in Sources */ = {isa = PBXBuildFile; fileRef = D655529A1B76955900CC5309 /* C2SoundFX.cpp */; };
		D65552A41B797DC200CC5309 /* AI_Allosaurus.cpp in Sources */ = {isa = PBXBuildFile; fileRef = D65552A31B797DC200CC5309 /* AI_Allosaurus.cpp */; };
		D65552A71B7A325C00CC5309 /* CE_AIUtilities.cpp in Sources */ = {isa = PBXBuildFile; fileRef = D65552A51B7A325C00CC5309 /* CE_AIUtilities.cpp */; };
		D657B8951B851D3A0051BCC7 /* IndexedMeshLoader.cpp in Sources */ = {isa = PBXBuildFile; fileRef = D657B8931B851D3A0051BCC7 /* IndexedMeshLoader.cpp */; };
		D6F2F86A1B836F3A0018DBF0 /* C2Sky.cpp in Sources */ = {isa = PBXBuildFile; fileRef = D6F2F8681B836F3A0018DBF0 /* C2Sky.cpp */; };
		D6F2F86C1B8377E60018DBF0 /* OpenGL.framework in Frameworks */ = {isa = PBXBuildFile; fileRef = D61CCBFB1B7E200E004BD900 /* OpenGL.framework */; };
		D6F2F8751B83855A0018DBF0 /* IOKit.framework in Frameworks */ = {isa = PBXBuildFile; fileRef = D6F2F8741B83855A0018DBF0 /* IOKit.framework */; };
		D6F2F8771B8385600018DBF0 /* Cocoa.framework in Frameworks */ = {isa = PBXBuildFile; fileRef = D6F2F8761B8385600018DBF0 /* Cocoa.framework */; };
		D6F2F8791B8386870018DBF0 /* libglfw3.a in Frameworks */ = {isa = PBXBuildFile; fileRef = D6F2F8781B8386870018DBF0 /* libglfw3.a */; };
		D6F2F87B1B8389330018DBF0 /* QuartzCore.framework in Frameworks */ = {isa = PBXBuildFile; fileRef = D6F2F87A1B8389330018DBF0 /* QuartzCore.framework */; };
		D6F2F8851B83DC0E0018DBF0 /* vertex.cpp in Sources */ = {isa = PBXBuildFile; fileRef = D6F2F8831B83DC0E0018DBF0 /* vertex.cpp */; };
		D6F2F8881B83E4810018DBF0 /* shader.cpp in Sources */ = {isa = PBXBuildFile; fileRef = D6F2F8861B83E4810018DBF0 /* shader.cpp */; };
/* End PBXBuildFile section */

/* Begin PBXCopyFilesBuildPhase section */
		D65552271B73DA2000CC5309 /* CopyFiles */ = {
			isa = PBXCopyFilesBuildPhase;
			buildActionMask = 2147483647;
			dstPath = /usr/share/man/man1/;
			dstSubfolderSpec = 0;
			files = (
			);
			runOnlyForDeploymentPostprocessing = 1;
		};
/* End PBXCopyFilesBuildPhase section */

/* Begin PBXFileReference section */
		D61CCBFB1B7E200E004BD900 /* OpenGL.framework */ = {isa = PBXFileReference; lastKnownFileType = wrapper.framework; name = OpenGL.framework; path = System/Library/Frameworks/OpenGL.framework; sourceTree = SDKROOT; };
		D61CCBFD1B7E2566004BD900 /* CE_Level.cpp */ = {isa = PBXFileReference; fileEncoding = 4; lastKnownFileType = sourcecode.cpp.cpp; path = CE_Level.cpp; sourceTree = "<group>"; };
		D61CCBFE1B7E2566004BD900 /* CE_Level.h */ = {isa = PBXFileReference; fileEncoding = 4; lastKnownFileType = sourcecode.c.h; path = CE_Level.h; sourceTree = "<group>"; };
		D61CCC011B7E5CC8004BD900 /* C2MapFile.cpp */ = {isa = PBXFileReference; fileEncoding = 4; lastKnownFileType = sourcecode.cpp.cpp; path = C2MapFile.cpp; sourceTree = "<group>"; };
		D61CCC021B7E5CC8004BD900 /* C2MapFile.h */ = {isa = PBXFileReference; fileEncoding = 4; lastKnownFileType = sourcecode.c.h; path = C2MapFile.h; sourceTree = "<group>"; };
		D61CCC041B7E6361004BD900 /* AREA1.MAP */ = {isa = PBXFileReference; fileEncoding = 4; lastKnownFileType = "sourcecode.module-map"; path = AREA1.MAP; sourceTree = "<group>"; };
		D61CCC051B7E6361004BD900 /* AREA1.RSC */ = {isa = PBXFileReference; lastKnownFileType = file; path = AREA1.RSC; sourceTree = "<group>"; };
		D61CCC071B7E653E004BD900 /* C2MapRscFile.cpp */ = {isa = PBXFileReference; fileEncoding = 4; lastKnownFileType = sourcecode.cpp.cpp; path = C2MapRscFile.cpp; sourceTree = "<group>"; };
		D61CCC081B7E653E004BD900 /* C2MapRscFile.h */ = {isa = PBXFileReference; fileEncoding = 4; lastKnownFileType = sourcecode.c.h; path = C2MapRscFile.h; sourceTree = "<group>"; };
		D61CCC0A1B7E68D0004BD900 /* C2Texture.cpp */ = {isa = PBXFileReference; fileEncoding = 4; lastKnownFileType = sourcecode.cpp.cpp; path = C2Texture.cpp; sourceTree = "<group>"; };
		D61CCC0B1B7E68D0004BD900 /* C2Texture.h */ = {isa = PBXFileReference; fileEncoding = 4; lastKnownFileType = sourcecode.c.h; path = C2Texture.h; sourceTree = "<group>"; };
		D61CCC0D1B7E7BF5004BD900 /* C2WorldModel.cpp */ = {isa = PBXFileReference; fileEncoding = 4; lastKnownFileType = sourcecode.cpp.cpp; path = C2WorldModel.cpp; sourceTree = "<group>"; };
		D61CCC0E1B7E7BF5004BD900 /* C2WorldModel.h */ = {isa = PBXFileReference; fileEncoding = 4; lastKnownFileType = sourcecode.c.h; path = C2WorldModel.h; sourceTree = "<group>"; };
		D61CCC111B811C28004BD900 /* bitmap.h */ = {isa = PBXFileReference; lastKnownFileType = sourcecode.c.h; path = bitmap.h; sourceTree = "<group>"; };
		D6247C151B88F30F00088EB2 /* TerrainRenderer.cpp */ = {isa = PBXFileReference; fileEncoding = 4; lastKnownFileType = sourcecode.cpp.cpp; path = TerrainRenderer.cpp; sourceTree = "<group>"; };
		D6247C161B88F30F00088EB2 /* TerrainRenderer.h */ = {isa = PBXFileReference; fileEncoding = 4; lastKnownFileType = sourcecode.c.h; path = TerrainRenderer.h; sourceTree = "<group>"; };
		D64585411B7A818B00D6327E /* carnivores_mock_functions.cpp */ = {isa = PBXFileReference; fileEncoding = 4; lastKnownFileType = sourcecode.cpp.cpp; path = carnivores_mock_functions.cpp; sourceTree = "<group>"; };
		D65552291B73DA2000CC5309 /* CE Character Lab */ = {isa = PBXFileReference; explicitFileType = "compiled.mach-o.executable"; includeInIndex = 0; path = "CE Character Lab"; sourceTree = BUILT_PRODUCTS_DIR; };
		D655522C1B73DA2000CC5309 /* main.cpp */ = {isa = PBXFileReference; lastKnownFileType = sourcecode.cpp.cpp; path = main.cpp; sourceTree = "<group>"; };
		D65552331B73DA4900CC5309 /* AI_Allosaurus.h */ = {isa = PBXFileReference; fileEncoding = 4; lastKnownFileType = sourcecode.c.h; path = AI_Allosaurus.h; sourceTree = "<group>"; };
		D65552341B73DA4900CC5309 /* C2AnimatableModel.cpp */ = {isa = PBXFileReference; fileEncoding = 4; lastKnownFileType = sourcecode.cpp.cpp; path = C2AnimatableModel.cpp; sourceTree = "<group>"; };
		D65552351B73DA4900CC5309 /* C2AnimatableModel.h */ = {isa = PBXFileReference; fileEncoding = 4; lastKnownFileType = sourcecode.c.h; path = C2AnimatableModel.h; sourceTree = "<group>"; };
		D65552361B73DA4900CC5309 /* C2Character.cpp */ = {isa = PBXFileReference; fileEncoding = 4; lastKnownFileType = sourcecode.cpp.cpp; path = C2Character.cpp; sourceTree = "<group>"; };
		D65552371B73DA4900CC5309 /* C2Character.h */ = {isa = PBXFileReference; fileEncoding = 4; lastKnownFileType = sourcecode.c.h; path = C2Character.h; sourceTree = "<group>"; };
		D65552381B73DA4900CC5309 /* C2HuntableCharacter.h */ = {isa = PBXFileReference; fileEncoding = 4; lastKnownFileType = sourcecode.c.h; path = C2HuntableCharacter.h; sourceTree = "<group>"; };
		D655523D1B73DA7000CC5309 /* C2Geometry.cpp */ = {isa = PBXFileReference; fileEncoding = 4; lastKnownFileType = sourcecode.cpp.cpp; path = C2Geometry.cpp; sourceTree = "<group>"; };
		D655523E1B73DA7000CC5309 /* C2Geometry.h */ = {isa = PBXFileReference; fileEncoding = 4; lastKnownFileType = sourcecode.c.h; path = C2Geometry.h; sourceTree = "<group>"; };
		D655523F1B73DA7000CC5309 /* C2HuntableCharacter.cpp */ = {isa = PBXFileReference; fileEncoding = 4; lastKnownFileType = sourcecode.cpp.cpp; path = C2HuntableCharacter.cpp; sourceTree = "<group>"; };
		D65552401B73DA7000CC5309 /* CE_Allosaurus.cpp */ = {isa = PBXFileReference; fileEncoding = 4; lastKnownFileType = sourcecode.cpp.cpp; path = CE_Allosaurus.cpp; sourceTree = "<group>"; };
		D65552411B73DA7000CC5309 /* CE_Allosaurus.h */ = {isa = PBXFileReference; fileEncoding = 4; lastKnownFileType = sourcecode.c.h; path = CE_Allosaurus.h; sourceTree = "<group>"; };
		D65552421B73DA7000CC5309 /* CE_ArtificialIntelligence.cpp */ = {isa = PBXFileReference; fileEncoding = 4; lastKnownFileType = sourcecode.cpp.cpp; path = CE_ArtificialIntelligence.cpp; sourceTree = "<group>"; };
		D65552431B73DA7000CC5309 /* CE_ArtificialIntelligence.h */ = {isa = PBXFileReference; fileEncoding = 4; lastKnownFileType = sourcecode.c.h; path = CE_ArtificialIntelligence.h; sourceTree = "<group>"; };
		D655524C1B73DA7F00CC5309 /* Hunt.h */ = {isa = PBXFileReference; lastKnownFileType = sourcecode.c.h; path = Hunt.h; sourceTree = "<group>"; };
		D65552521B73E31400CC5309 /* ALLO.CAR */ = {isa = PBXFileReference; lastKnownFileType = file; path = ALLO.CAR; sourceTree = "<group>"; };
		D65552571B73E41900CC5309 /* C2CarFile.h */ = {isa = PBXFileReference; lastKnownFileType = sourcecode.c.h; path = C2CarFile.h; sourceTree = "<group>"; };
		D65552581B73E84E00CC5309 /* C2CarFile.cpp */ = {isa = PBXFileReference; fileEncoding = 4; lastKnownFileType = sourcecode.cpp.cpp; path = C2CarFile.cpp; sourceTree = "<group>"; };
		D655525C1B742C3200CC5309 /* Notes.rtf */ = {isa = PBXFileReference; fileEncoding = 4; lastKnownFileType = text.rtf; path = Notes.rtf; sourceTree = "<group>"; };
		D655525D1B74315900CC5309 /* C2Animation.cpp */ = {isa = PBXFileReference; fileEncoding = 4; lastKnownFileType = sourcecode.cpp.cpp; path = C2Animation.cpp; sourceTree = "<group>"; };
		D655525E1B74315900CC5309 /* C2Animation.h */ = {isa = PBXFileReference; fileEncoding = 4; lastKnownFileType = sourcecode.c.h; path = C2Animation.h; sourceTree = "<group>"; };
		D65552971B755BC000CC5309 /* C2CarFilePreloader.cpp */ = {isa = PBXFileReference; fileEncoding = 4; lastKnownFileType = sourcecode.cpp.cpp; path = C2CarFilePreloader.cpp; sourceTree = "<group>"; };
		D65552981B755BC000CC5309 /* C2CarFilePreloader.h */ = {isa = PBXFileReference; fileEncoding = 4; lastKnownFileType = sourcecode.c.h; path = C2CarFilePreloader.h; sourceTree = "<group>"; };
		D655529A1B76955900CC5309 /* C2SoundFX.cpp */ = {isa = PBXFileReference; fileEncoding = 4; lastKnownFileType = sourcecode.cpp.cpp; path = C2SoundFX.cpp; sourceTree = "<group>"; };
		D655529B1B76955900CC5309 /* C2SoundFX.h */ = {isa = PBXFileReference; fileEncoding = 4; lastKnownFileType = sourcecode.c.h; path = C2SoundFX.h; sourceTree = "<group>"; };
		D65552A31B797DC200CC5309 /* AI_Allosaurus.cpp */ = {isa = PBXFileReference; fileEncoding = 4; lastKnownFileType = sourcecode.cpp.cpp; path = AI_Allosaurus.cpp; sourceTree = "<group>"; };
		D65552A51B7A325C00CC5309 /* CE_AIUtilities.cpp */ = {isa = PBXFileReference; fileEncoding = 4; lastKnownFileType = sourcecode.cpp.cpp; path = CE_AIUtilities.cpp; sourceTree = "<group>"; };
		D65552A61B7A325C00CC5309 /* CE_AIUtilities.h */ = {isa = PBXFileReference; fileEncoding = 4; lastKnownFileType = sourcecode.c.h; path = CE_AIUtilities.h; sourceTree = "<group>"; };
		D65552A81B7A3B8E00CC5309 /* g_shared.h */ = {isa = PBXFileReference; lastKnownFileType = sourcecode.c.h; path = g_shared.h; sourceTree = "<group>"; };
		D657B8931B851D3A0051BCC7 /* IndexedMeshLoader.cpp */ = {isa = PBXFileReference; fileEncoding = 4; lastKnownFileType = sourcecode.cpp.cpp; path = IndexedMeshLoader.cpp; sourceTree = "<group>"; };
		D657B8941B851D3A0051BCC7 /* IndexedMeshLoader.h */ = {isa = PBXFileReference; fileEncoding = 4; lastKnownFileType = sourcecode.c.h; path = IndexedMeshLoader.h; sourceTree = "<group>"; };
		D6ADAC2D1B9BD24C00E2AA7D /* AREA5.MAP */ = {isa = PBXFileReference; fileEncoding = 4; lastKnownFileType = "sourcecode.module-map"; path = AREA5.MAP; sourceTree = "<group>"; };
		D6ADAC2E1B9BD24C00E2AA7D /* AREA5.RSC */ = {isa = PBXFileReference; lastKnownFileType = file; path = AREA5.RSC; sourceTree = "<group>"; };
		D6ADAC2F1B9BD24C00E2AA7D /* TROPHY.MAP */ = {isa = PBXFileReference; fileEncoding = 4; lastKnownFileType = "sourcecode.module-map"; path = TROPHY.MAP; sourceTree = "<group>"; };
		D6ADAC301B9BD24C00E2AA7D /* TROPHY.RSC */ = {isa = PBXFileReference; lastKnownFileType = file; path = TROPHY.RSC; sourceTree = "<group>"; };
		D6F2F8681B836F3A0018DBF0 /* C2Sky.cpp */ = {isa = PBXFileReference; fileEncoding = 4; lastKnownFileType = sourcecode.cpp.cpp; path = C2Sky.cpp; sourceTree = "<group>"; };
		D6F2F8691B836F3A0018DBF0 /* C2Sky.h */ = {isa = PBXFileReference; fileEncoding = 4; lastKnownFileType = sourcecode.c.h; path = C2Sky.h; sourceTree = "<group>"; };
		D6F2F8741B83855A0018DBF0 /* IOKit.framework */ = {isa = PBXFileReference; lastKnownFileType = wrapper.framework; name = IOKit.framework; path = System/Library/Frameworks/IOKit.framework; sourceTree = SDKROOT; };
		D6F2F8761B8385600018DBF0 /* Cocoa.framework */ = {isa = PBXFileReference; lastKnownFileType = wrapper.framework; name = Cocoa.framework; path = System/Library/Frameworks/Cocoa.framework; sourceTree = SDKROOT; };
		D6F2F8781B8386870018DBF0 /* libglfw3.a */ = {isa = PBXFileReference; lastKnownFileType = archive.ar; name = libglfw3.a; path = ../../../../usr/local/lib/libglfw3.a; sourceTree = "<group>"; };
		D6F2F87A1B8389330018DBF0 /* QuartzCore.framework */ = {isa = PBXFileReference; lastKnownFileType = wrapper.framework; name = QuartzCore.framework; path = System/Library/Frameworks/QuartzCore.framework; sourceTree = SDKROOT; };
		D6F2F8831B83DC0E0018DBF0 /* vertex.cpp */ = {isa = PBXFileReference; fileEncoding = 4; lastKnownFileType = sourcecode.cpp.cpp; path = vertex.cpp; sourceTree = "<group>"; };
		D6F2F8841B83DC0E0018DBF0 /* vertex.h */ = {isa = PBXFileReference; fileEncoding = 4; lastKnownFileType = sourcecode.c.h; path = vertex.h; sourceTree = "<group>"; };
		D6F2F8861B83E4810018DBF0 /* shader.cpp */ = {isa = PBXFileReference; fileEncoding = 4; lastKnownFileType = sourcecode.cpp.cpp; path = shader.cpp; sourceTree = "<group>"; };
		D6F2F8871B83E4810018DBF0 /* shader.h */ = {isa = PBXFileReference; fileEncoding = 4; lastKnownFileType = sourcecode.c.h; path = shader.h; sourceTree = "<group>"; };
		D6F2F8891B83E57D0018DBF0 /* transform.h */ = {isa = PBXFileReference; lastKnownFileType = sourcecode.c.h; path = transform.h; sourceTree = "<group>"; };
		D6F2F88A1B83E5AF0018DBF0 /* camera.h */ = {isa = PBXFileReference; lastKnownFileType = sourcecode.c.h; path = camera.h; sourceTree = "<group>"; };
		D6F2F88B1B83E62F0018DBF0 /* basicShader.fs */ = {isa = PBXFileReference; fileEncoding = 4; lastKnownFileType = sourcecode.glsl; path = basicShader.fs; sourceTree = "<group>"; };
		D6F2F88C1B83E6490018DBF0 /* basicShader.vs */ = {isa = PBXFileReference; fileEncoding = 4; lastKnownFileType = sourcecode.glsl; path = basicShader.vs; sourceTree = "<group>"; };
		D6FBA2631B975CC200607297 /* terrain.fs */ = {isa = PBXFileReference; lastKnownFileType = sourcecode.glsl; path = terrain.fs; sourceTree = "<group>"; };
		D6FBA2641B975CC800607297 /* terrain.vs */ = {isa = PBXFileReference; lastKnownFileType = sourcecode.glsl; path = terrain.vs; sourceTree = "<group>"; };
/* End PBXFileReference section */

/* Begin PBXFrameworksBuildPhase section */
		D65552261B73DA2000CC5309 /* Frameworks */ = {
			isa = PBXFrameworksBuildPhase;
			buildActionMask = 2147483647;
			files = (
				D6F2F87B1B8389330018DBF0 /* QuartzCore.framework in Frameworks */,
				D6F2F8791B8386870018DBF0 /* libglfw3.a in Frameworks */,
				D6F2F8771B8385600018DBF0 /* Cocoa.framework in Frameworks */,
				D6F2F8751B83855A0018DBF0 /* IOKit.framework in Frameworks */,
				D6F2F86C1B8377E60018DBF0 /* OpenGL.framework in Frameworks */,
			);
			runOnlyForDeploymentPostprocessing = 0;
		};
/* End PBXFrameworksBuildPhase section */

/* Begin PBXGroup section */
		D61CCC001B7E294F004BD900 /* Humans */ = {
			isa = PBXGroup;
			children = (
			);
			name = Humans;
			sourceTree = "<group>";
		};
		D65552201B73DA2000CC5309 = {
			isa = PBXGroup;
			children = (
				D6F2F87A1B8389330018DBF0 /* QuartzCore.framework */,
				D6F2F8781B8386870018DBF0 /* libglfw3.a */,
				D6F2F8761B8385600018DBF0 /* Cocoa.framework */,
				D6F2F8741B83855A0018DBF0 /* IOKit.framework */,
				D61CCBFB1B7E200E004BD900 /* OpenGL.framework */,
				D655522B1B73DA2000CC5309 /* CE Character Lab */,
				D655522A1B73DA2000CC5309 /* Products */,
			);
			sourceTree = "<group>";
		};
		D655522A1B73DA2000CC5309 /* Products */ = {
			isa = PBXGroup;
			children = (
				D65552291B73DA2000CC5309 /* CE Character Lab */,
			);
			name = Products;
			sourceTree = "<group>";
		};
		D655522B1B73DA2000CC5309 /* CE Character Lab */ = {
			isa = PBXGroup;
			children = (
				D65552551B73E34A00CC5309 /* Source */,
				D65552531B73E31C00CC5309 /* Files */,
				D655524C1B73DA7F00CC5309 /* Hunt.h */,
				D655522C1B73DA2000CC5309 /* main.cpp */,
				D65552A81B7A3B8E00CC5309 /* g_shared.h */,
				D64585411B7A818B00D6327E /* carnivores_mock_functions.cpp */,
			);
			path = "CE Character Lab";
			sourceTree = "<group>";
		};
		D655524E1B73DD9300CC5309 /* Characters */ = {
			isa = PBXGroup;
			children = (
				D65552511B73DDEC00CC5309 /* AI */,
				D655524F1B73DDA500CC5309 /* Common */,
				D65552411B73DA7000CC5309 /* CE_Allosaurus.h */,
				D65552401B73DA7000CC5309 /* CE_Allosaurus.cpp */,
			);
			name = Characters;
			sourceTree = "<group>";
		};
		D655524F1B73DDA500CC5309 /* Common */ = {
			isa = PBXGroup;
			children = (
				D655523F1B73DA7000CC5309 /* C2HuntableCharacter.cpp */,
				D65552381B73DA4900CC5309 /* C2HuntableCharacter.h */,
				D65552371B73DA4900CC5309 /* C2Character.h */,
				D65552361B73DA4900CC5309 /* C2Character.cpp */,
			);
			name = Common;
			sourceTree = "<group>";
		};
		D65552501B73DDC900CC5309 /* Engine */ = {
			isa = PBXGroup;
			children = (
				D655523D1B73DA7000CC5309 /* C2Geometry.cpp */,
				D65552351B73DA4900CC5309 /* C2AnimatableModel.h */,
				D65552341B73DA4900CC5309 /* C2AnimatableModel.cpp */,
				D655523E1B73DA7000CC5309 /* C2Geometry.h */,
				D655525D1B74315900CC5309 /* C2Animation.cpp */,
				D655525E1B74315900CC5309 /* C2Animation.h */,
				D655529A1B76955900CC5309 /* C2SoundFX.cpp */,
				D655529B1B76955900CC5309 /* C2SoundFX.h */,
			);
			name = Engine;
			sourceTree = "<group>";
		};
		D65552511B73DDEC00CC5309 /* AI */ = {
			isa = PBXGroup;
			children = (
				D65552331B73DA4900CC5309 /* AI_Allosaurus.h */,
				D65552431B73DA7000CC5309 /* CE_ArtificialIntelligence.h */,
				D65552421B73DA7000CC5309 /* CE_ArtificialIntelligence.cpp */,
				D65552A31B797DC200CC5309 /* AI_Allosaurus.cpp */,
				D65552A51B7A325C00CC5309 /* CE_AIUtilities.cpp */,
				D65552A61B7A325C00CC5309 /* CE_AIUtilities.h */,
			);
			name = AI;
			sourceTree = "<group>";
		};
		D65552531B73E31C00CC5309 /* Files */ = {
			isa = PBXGroup;
			children = (
				D6ADAC2D1B9BD24C00E2AA7D /* AREA5.MAP */,
				D6ADAC2E1B9BD24C00E2AA7D /* AREA5.RSC */,
				D6ADAC2F1B9BD24C00E2AA7D /* TROPHY.MAP */,
				D6ADAC301B9BD24C00E2AA7D /* TROPHY.RSC */,
				D6FBA2641B975CC800607297 /* terrain.vs */,
				D6FBA2631B975CC200607297 /* terrain.fs */,
				D61CCC041B7E6361004BD900 /* AREA1.MAP */,
				D61CCC051B7E6361004BD900 /* AREA1.RSC */,
				D65552521B73E31400CC5309 /* ALLO.CAR */,
				D655525C1B742C3200CC5309 /* Notes.rtf */,
				D6F2F88B1B83E62F0018DBF0 /* basicShader.fs */,
				D6F2F88C1B83E6490018DBF0 /* basicShader.vs */,
			);
			name = Files;
			sourceTree = "<group>";
		};
		D65552541B73E33E00CC5309 /* World */ = {
			isa = PBXGroup;
			children = (
				D61CCBFD1B7E2566004BD900 /* CE_Level.cpp */,
				D61CCBFE1B7E2566004BD900 /* CE_Level.h */,
				D61CCC011B7E5CC8004BD900 /* C2MapFile.cpp */,
				D61CCC021B7E5CC8004BD900 /* C2MapFile.h */,
				D61CCC071B7E653E004BD900 /* C2MapRscFile.cpp */,
				D61CCC081B7E653E004BD900 /* C2MapRscFile.h */,
				D61CCC0A1B7E68D0004BD900 /* C2Texture.cpp */,
				D61CCC0B1B7E68D0004BD900 /* C2Texture.h */,
				D61CCC0D1B7E7BF5004BD900 /* C2WorldModel.cpp */,
				D61CCC0E1B7E7BF5004BD900 /* C2WorldModel.h */,
				D61CCC111B811C28004BD900 /* bitmap.h */,
				D6F2F8681B836F3A0018DBF0 /* C2Sky.cpp */,
				D6F2F8691B836F3A0018DBF0 /* C2Sky.h */,
				D6F2F8831B83DC0E0018DBF0 /* vertex.cpp */,
				D6F2F8841B83DC0E0018DBF0 /* vertex.h */,
				D6F2F8861B83E4810018DBF0 /* shader.cpp */,
				D6F2F8871B83E4810018DBF0 /* shader.h */,
				D6F2F8891B83E57D0018DBF0 /* transform.h */,
				D6F2F88A1B83E5AF0018DBF0 /* camera.h */,
				D6247C151B88F30F00088EB2 /* TerrainRenderer.cpp */,
				D6247C161B88F30F00088EB2 /* TerrainRenderer.h */,
			);
			name = World;
			sourceTree = "<group>";
		};
		D65552551B73E34A00CC5309 /* Source */ = {
			isa = PBXGroup;
			children = (
				D61CCC001B7E294F004BD900 /* Humans */,
				D65552561B73E3DB00CC5309 /* Utilities */,
				D655524E1B73DD9300CC5309 /* Characters */,
				D65552501B73DDC900CC5309 /* Engine */,
				D65552541B73E33E00CC5309 /* World */,
			);
			name = Source;
			sourceTree = "<group>";
		};
		D65552561B73E3DB00CC5309 /* Utilities */ = {
			isa = PBXGroup;
			children = (
				D65552571B73E41900CC5309 /* C2CarFile.h */,
				D65552581B73E84E00CC5309 /* C2CarFile.cpp */,
				D65552971B755BC000CC5309 /* C2CarFilePreloader.cpp */,
				D65552981B755BC000CC5309 /* C2CarFilePreloader.h */,
				D657B8931B851D3A0051BCC7 /* IndexedMeshLoader.cpp */,
				D657B8941B851D3A0051BCC7 /* IndexedMeshLoader.h */,
			);
			name = Utilities;
			sourceTree = "<group>";
		};
/* End PBXGroup section */

/* Begin PBXNativeTarget section */
		D65552281B73DA2000CC5309 /* CE Character Lab */ = {
			isa = PBXNativeTarget;
			buildConfigurationList = D65552301B73DA2000CC5309 /* Build configuration list for PBXNativeTarget "CE Character Lab" */;
			buildPhases = (
				D65552251B73DA2000CC5309 /* Sources */,
				D65552261B73DA2000CC5309 /* Frameworks */,
				D65552271B73DA2000CC5309 /* CopyFiles */,
			);
			buildRules = (
			);
			dependencies = (
			);
			name = "CE Character Lab";
			productName = "CE Character Lab";
			productReference = D65552291B73DA2000CC5309 /* CE Character Lab */;
			productType = "com.apple.product-type.tool";
		};
/* End PBXNativeTarget section */

/* Begin PBXProject section */
		D65552211B73DA2000CC5309 /* Project object */ = {
			isa = PBXProject;
			attributes = {
				LastUpgradeCheck = 0800;
				ORGANIZATIONNAME = "Tyler Minard";
				TargetAttributes = {
					D65552281B73DA2000CC5309 = {
						CreatedOnToolsVersion = 6.4;
					};
				};
			};
			buildConfigurationList = D65552241B73DA2000CC5309 /* Build configuration list for PBXProject "CE Character Lab" */;
			compatibilityVersion = "Xcode 3.2";
			developmentRegion = English;
			hasScannedForEncodings = 0;
			knownRegions = (
				en,
			);
			mainGroup = D65552201B73DA2000CC5309;
			productRefGroup = D655522A1B73DA2000CC5309 /* Products */;
			projectDirPath = "";
			projectRoot = "";
			targets = (
				D65552281B73DA2000CC5309 /* CE Character Lab */,
			);
		};
/* End PBXProject section */

/* Begin PBXSourcesBuildPhase section */
		D65552251B73DA2000CC5309 /* Sources */ = {
			isa = PBXSourcesBuildPhase;
			buildActionMask = 2147483647;
			files = (
				D655524A1B73DA7000CC5309 /* CE_ArtificialIntelligence.cpp in Sources */,
				D61CCC031B7E5CC8004BD900 /* C2MapFile.cpp in Sources */,
				D65552491B73DA7000CC5309 /* CE_Allosaurus.cpp in Sources */,
				D65552A71B7A325C00CC5309 /* CE_AIUtilities.cpp in Sources */,
				D6F2F8881B83E4810018DBF0 /* shader.cpp in Sources */,
				D65552591B73E84E00CC5309 /* C2CarFile.cpp in Sources */,
				D61CCBFF1B7E2566004BD900 /* CE_Level.cpp in Sources */,
				D65552991B755BC000CC5309 /* C2CarFilePreloader.cpp in Sources */,
				D655523A1B73DA4900CC5309 /* C2Character.cpp in Sources */,
				D61CCC091B7E653E004BD900 /* C2MapRscFile.cpp in Sources */,
				D6F2F8851B83DC0E0018DBF0 /* vertex.cpp in Sources */,
				D657B8951B851D3A0051BCC7 /* IndexedMeshLoader.cpp in Sources */,
				D6F2F86A1B836F3A0018DBF0 /* C2Sky.cpp in Sources */,
				D65552471B73DA7000CC5309 /* C2Geometry.cpp in Sources */,
				D61CCC0C1B7E68D0004BD900 /* C2Texture.cpp in Sources */,
				D65552481B73DA7000CC5309 /* C2HuntableCharacter.cpp in Sources */,
				D655525F1B74315900CC5309 /* C2Animation.cpp in Sources */,
				D65552391B73DA4900CC5309 /* C2AnimatableModel.cpp in Sources */,
				D6247C171B88F30F00088EB2 /* TerrainRenderer.cpp in Sources */,
				D655529C1B76955900CC5309 /* C2SoundFX.cpp in Sources */,
				D655522D1B73DA2000CC5309 /* main.cpp in Sources */,
				D64585421B7A818B00D6327E /* carnivores_mock_functions.cpp in Sources */,
				D65552A41B797DC200CC5309 /* AI_Allosaurus.cpp in Sources */,
				D61CCC0F1B7E7BF5004BD900 /* C2WorldModel.cpp in Sources */,
			);
			runOnlyForDeploymentPostprocessing = 0;
		};
/* End PBXSourcesBuildPhase section */

/* Begin XCBuildConfiguration section */
		D655522E1B73DA2000CC5309 /* Debug */ = {
			isa = XCBuildConfiguration;
			buildSettings = {
				ALWAYS_SEARCH_USER_PATHS = NO;
				CLANG_CXX_LANGUAGE_STANDARD = "gnu++0x";
				CLANG_CXX_LIBRARY = "libc++";
				CLANG_ENABLE_MODULES = YES;
				CLANG_ENABLE_OBJC_ARC = YES;
				CLANG_WARN_BOOL_CONVERSION = YES;
				CLANG_WARN_CONSTANT_CONVERSION = YES;
				CLANG_WARN_DIRECT_OBJC_ISA_USAGE = YES_ERROR;
				CLANG_WARN_EMPTY_BODY = YES;
				CLANG_WARN_ENUM_CONVERSION = YES;
				CLANG_WARN_INFINITE_RECURSION = YES;
				CLANG_WARN_INT_CONVERSION = YES;
				CLANG_WARN_OBJC_ROOT_CLASS = YES_ERROR;
				CLANG_WARN_SUSPICIOUS_MOVE = YES;
				CLANG_WARN_UNREACHABLE_CODE = YES;
				CLANG_WARN__DUPLICATE_METHOD_MATCH = YES;
				COPY_PHASE_STRIP = NO;
				DEBUG_INFORMATION_FORMAT = dwarf;
				ENABLE_STRICT_OBJC_MSGSEND = YES;
				ENABLE_TESTABILITY = YES;
				GCC_C_LANGUAGE_STANDARD = gnu99;
				GCC_DYNAMIC_NO_PIC = NO;
				GCC_NO_COMMON_BLOCKS = YES;
				GCC_OPTIMIZATION_LEVEL = 0;
				GCC_PREPROCESSOR_DEFINITIONS = (
					"DEBUG=1",
					"$(inherited)",
				);
				GCC_SYMBOLS_PRIVATE_EXTERN = NO;
				GCC_WARN_64_TO_32_BIT_CONVERSION = YES;
				GCC_WARN_ABOUT_RETURN_TYPE = YES_ERROR;
				GCC_WARN_UNDECLARED_SELECTOR = YES;
				GCC_WARN_UNINITIALIZED_AUTOS = YES_AGGRESSIVE;
				GCC_WARN_UNUSED_FUNCTION = YES;
				GCC_WARN_UNUSED_VARIABLE = YES;
				MACOSX_DEPLOYMENT_TARGET = 10.10;
				MTL_ENABLE_DEBUG_INFO = YES;
				ONLY_ACTIVE_ARCH = YES;
				SDKROOT = macosx;
			};
			name = Debug;
		};
		D655522F1B73DA2000CC5309 /* Release */ = {
			isa = XCBuildConfiguration;
			buildSettings = {
				ALWAYS_SEARCH_USER_PATHS = NO;
				CLANG_CXX_LANGUAGE_STANDARD = "gnu++0x";
				CLANG_CXX_LIBRARY = "libc++";
				CLANG_ENABLE_MODULES = YES;
				CLANG_ENABLE_OBJC_ARC = YES;
				CLANG_WARN_BOOL_CONVERSION = YES;
				CLANG_WARN_CONSTANT_CONVERSION = YES;
				CLANG_WARN_DIRECT_OBJC_ISA_USAGE = YES_ERROR;
				CLANG_WARN_EMPTY_BODY = YES;
				CLANG_WARN_ENUM_CONVERSION = YES;
				CLANG_WARN_INFINITE_RECURSION = YES;
				CLANG_WARN_INT_CONVERSION = YES;
				CLANG_WARN_OBJC_ROOT_CLASS = YES_ERROR;
				CLANG_WARN_SUSPICIOUS_MOVE = YES;
				CLANG_WARN_UNREACHABLE_CODE = YES;
				CLANG_WARN__DUPLICATE_METHOD_MATCH = YES;
				COPY_PHASE_STRIP = NO;
				DEBUG_INFORMATION_FORMAT = "dwarf-with-dsym";
				ENABLE_NS_ASSERTIONS = NO;
				ENABLE_STRICT_OBJC_MSGSEND = YES;
				GCC_C_LANGUAGE_STANDARD = gnu99;
				GCC_NO_COMMON_BLOCKS = YES;
				GCC_WARN_64_TO_32_BIT_CONVERSION = YES;
				GCC_WARN_ABOUT_RETURN_TYPE = YES_ERROR;
				GCC_WARN_UNDECLARED_SELECTOR = YES;
				GCC_WARN_UNINITIALIZED_AUTOS = YES_AGGRESSIVE;
				GCC_WARN_UNUSED_FUNCTION = YES;
				GCC_WARN_UNUSED_VARIABLE = YES;
				MACOSX_DEPLOYMENT_TARGET = 10.10;
				MTL_ENABLE_DEBUG_INFO = NO;
				SDKROOT = macosx;
			};
			name = Release;
		};
		D65552311B73DA2000CC5309 /* Debug */ = {
			isa = XCBuildConfiguration;
			buildSettings = {
				CLANG_ENABLE_MODULES = YES;
				HEADER_SEARCH_PATHS = (
					"$(inherited)",
					/Applications/Xcode.app/Contents/Developer/Toolchains/XcodeDefault.xctoolchain/usr/include,
					/usr/local/include,
				);
				LIBRARY_SEARCH_PATHS = /usr/local/lib;
				PRODUCT_NAME = "$(TARGET_NAME)";
			};
			name = Debug;
		};
		D65552321B73DA2000CC5309 /* Release */ = {
			isa = XCBuildConfiguration;
			buildSettings = {
				CLANG_ENABLE_MODULES = YES;
				HEADER_SEARCH_PATHS = (
					"$(inherited)",
					/Applications/Xcode.app/Contents/Developer/Toolchains/XcodeDefault.xctoolchain/usr/include,
					/usr/local/include,
				);
				LIBRARY_SEARCH_PATHS = /usr/local/lib;
				PRODUCT_NAME = "$(TARGET_NAME)";
			};
			name = Release;
		};
/* End XCBuildConfiguration section */

/* Begin XCConfigurationList section */
		D65552241B73DA2000CC5309 /* Build configuration list for PBXProject "CE Character Lab" */ = {
			isa = XCConfigurationList;
			buildConfigurations = (
				D655522E1B73DA2000CC5309 /* Debug */,
				D655522F1B73DA2000CC5309 /* Release */,
			);
			defaultConfigurationIsVisible = 0;
			defaultConfigurationName = Release;
		};
		D65552301B73DA2000CC5309 /* Build configuration list for PBXNativeTarget "CE Character Lab" */ = {
			isa = XCConfigurationList;
			buildConfigurations = (
				D65552311B73DA2000CC5309 /* Debug */,
				D65552321B73DA2000CC5309 /* Release */,
			);
			defaultConfigurationIsVisible = 0;
			defaultConfigurationName = Release;
		};
/* End XCConfigurationList section */
	};
	rootObject = D65552211B73DA2000CC5309 /* Project object */;
}
