// !$*UTF8*$!
{
	archiveVersion = 1;
	classes = {
	};
	objectVersion = 46;
	objects = {

/* Begin PBXBuildFile section */
		D61CCC031B7E5CC8004BD900 /* C2MapFile.cpp in Sources */ = {isa = PBXBuildFile; fileRef = D61CCC011B7E5CC8004BD900 /* C2MapFile.cpp */; };
		D61CCC091B7E653E004BD900 /* C2MapRscFile.cpp in Sources */ = {isa = PBXBuildFile; fileRef = D61CCC071B7E653E004BD900 /* C2MapRscFile.cpp */; };
		D61CCC0C1B7E68D0004BD900 /* CETexture.cpp in Sources */ = {isa = PBXBuildFile; fileRef = D61CCC0A1B7E68D0004BD900 /* CETexture.cpp */; };
		D61CCC0F1B7E7BF5004BD900 /* C2WorldModel.cpp in Sources */ = {isa = PBXBuildFile; fileRef = D61CCC0D1B7E7BF5004BD900 /* C2WorldModel.cpp */; };
		D6247C171B88F30F00088EB2 /* TerrainRenderer.cpp in Sources */ = {isa = PBXBuildFile; fileRef = D6247C151B88F30F00088EB2 /* TerrainRenderer.cpp */; };
		D64585421B7A818B00D6327E /* carnivores_mock_functions.cpp in Sources */ = {isa = PBXBuildFile; fileRef = D64585411B7A818B00D6327E /* carnivores_mock_functions.cpp */; };
		D655522D1B73DA2000CC5309 /* main.cpp in Sources */ = {isa = PBXBuildFile; fileRef = D655522C1B73DA2000CC5309 /* main.cpp */; };
		D65552391B73DA4900CC5309 /* CEAnimatableModel.cpp in Sources */ = {isa = PBXBuildFile; fileRef = D65552341B73DA4900CC5309 /* CEAnimatableModel.cpp */; };
		D655523A1B73DA4900CC5309 /* C2Character.cpp in Sources */ = {isa = PBXBuildFile; fileRef = D65552361B73DA4900CC5309 /* C2Character.cpp */; };
		D65552471B73DA7000CC5309 /* CEGeometry.cpp in Sources */ = {isa = PBXBuildFile; fileRef = D655523D1B73DA7000CC5309 /* CEGeometry.cpp */; };
		D65552481B73DA7000CC5309 /* C2HuntableCharacter.cpp in Sources */ = {isa = PBXBuildFile; fileRef = D655523F1B73DA7000CC5309 /* C2HuntableCharacter.cpp */; };
		D65552491B73DA7000CC5309 /* CE_Allosaurus.cpp in Sources */ = {isa = PBXBuildFile; fileRef = D65552401B73DA7000CC5309 /* CE_Allosaurus.cpp */; };
		D655524A1B73DA7000CC5309 /* CE_ArtificialIntelligence.cpp in Sources */ = {isa = PBXBuildFile; fileRef = D65552421B73DA7000CC5309 /* CE_ArtificialIntelligence.cpp */; };
		D65552591B73E84E00CC5309 /* C2CarFile.cpp in Sources */ = {isa = PBXBuildFile; fileRef = D65552581B73E84E00CC5309 /* C2CarFile.cpp */; };
		D655525F1B74315900CC5309 /* CEAnimation.cpp in Sources */ = {isa = PBXBuildFile; fileRef = D655525D1B74315900CC5309 /* CEAnimation.cpp */; };
		D65552991B755BC000CC5309 /* C2CarFilePreloader.cpp in Sources */ = {isa = PBXBuildFile; fileRef = D65552971B755BC000CC5309 /* C2CarFilePreloader.cpp */; };
		D65552A41B797DC200CC5309 /* AI_Allosaurus.cpp in Sources */ = {isa = PBXBuildFile; fileRef = D65552A31B797DC200CC5309 /* AI_Allosaurus.cpp */; };
		D65552A71B7A325C00CC5309 /* CE_AIUtilities.cpp in Sources */ = {isa = PBXBuildFile; fileRef = D65552A51B7A325C00CC5309 /* CE_AIUtilities.cpp */; };
		D657B8951B851D3A0051BCC7 /* IndexedMeshLoader.cpp in Sources */ = {isa = PBXBuildFile; fileRef = D657B8931B851D3A0051BCC7 /* IndexedMeshLoader.cpp */; };
		D67F82A32243EC5000AC81B7 /* CESimpleGeometry.cpp in Sources */ = {isa = PBXBuildFile; fileRef = D67F82A12243EC5000AC81B7 /* CESimpleGeometry.cpp */; };
		D6C77D9C22451A7F00105733 /* resources in CopyFiles */ = {isa = PBXBuildFile; fileRef = D6C77D9B22451A6A00105733 /* resources */; };
		D6C77D9F224583CD00105733 /* CEWaterEntity.cpp in Sources */ = {isa = PBXBuildFile; fileRef = D6C77D9D224583CD00105733 /* CEWaterEntity.cpp */; };
		D6D3CD7320CADD3500E3ABAC /* CEObservable.cpp in Sources */ = {isa = PBXBuildFile; fileRef = D6D3CD7120CADD3500E3ABAC /* CEObservable.cpp */; };
		D6D3CD7620CAE07000E3ABAC /* CEPlayer.cpp in Sources */ = {isa = PBXBuildFile; fileRef = D6D3CD7420CAE07000E3ABAC /* CEPlayer.cpp */; };
		D6D3CD7920CAE6A100E3ABAC /* LocalInputManager.cpp in Sources */ = {isa = PBXBuildFile; fileRef = D6D3CD7720CAE6A100E3ABAC /* LocalInputManager.cpp */; };
		D6D3CD7C20CAEBBC00E3ABAC /* LocalVideoManager.cpp in Sources */ = {isa = PBXBuildFile; fileRef = D6D3CD7A20CAEBBC00E3ABAC /* LocalVideoManager.cpp */; };
		D6D3CD8620CF123400E3ABAC /* CEShaderProgram.cpp in Sources */ = {isa = PBXBuildFile; fileRef = D6D3CD8420CF123400E3ABAC /* CEShaderProgram.cpp */; };
		D6E7B8241FAB9ADF00D1C100 /* libglfw.3.2.dylib in Frameworks */ = {isa = PBXBuildFile; fileRef = D6E7B8231FAB9ADF00D1C100 /* libglfw.3.2.dylib */; };
		D6F2F86A1B836F3A0018DBF0 /* C2Sky.cpp in Sources */ = {isa = PBXBuildFile; fileRef = D6F2F8681B836F3A0018DBF0 /* C2Sky.cpp */; };
		D6F2F86C1B8377E60018DBF0 /* OpenGL.framework in Frameworks */ = {isa = PBXBuildFile; fileRef = D61CCBFB1B7E200E004BD900 /* OpenGL.framework */; };
		D6F2F8751B83855A0018DBF0 /* IOKit.framework in Frameworks */ = {isa = PBXBuildFile; fileRef = D6F2F8741B83855A0018DBF0 /* IOKit.framework */; };
		D6F2F8771B8385600018DBF0 /* Cocoa.framework in Frameworks */ = {isa = PBXBuildFile; fileRef = D6F2F8761B8385600018DBF0 /* Cocoa.framework */; };
		D6F2F87B1B8389330018DBF0 /* QuartzCore.framework in Frameworks */ = {isa = PBXBuildFile; fileRef = D6F2F87A1B8389330018DBF0 /* QuartzCore.framework */; };
		D6F2F8851B83DC0E0018DBF0 /* vertex.cpp in Sources */ = {isa = PBXBuildFile; fileRef = D6F2F8831B83DC0E0018DBF0 /* vertex.cpp */; };
/* End PBXBuildFile section */

/* Begin PBXCopyFilesBuildPhase section */
		D65552271B73DA2000CC5309 /* CopyFiles */ = {
			isa = PBXCopyFilesBuildPhase;
			buildActionMask = 12;
			dstPath = "";
			dstSubfolderSpec = 16;
			files = (
				D6C77D9C22451A7F00105733 /* resources in CopyFiles */,
			);
			runOnlyForDeploymentPostprocessing = 0;
		};
/* End PBXCopyFilesBuildPhase section */

/* Begin PBXFileReference section */
		73A667C822468FCA0026D63A /* Info.plist */ = {isa = PBXFileReference; lastKnownFileType = text.plist.xml; path = Info.plist; sourceTree = "<group>"; };
		D61CCBFB1B7E200E004BD900 /* OpenGL.framework */ = {isa = PBXFileReference; lastKnownFileType = wrapper.framework; name = OpenGL.framework; path = System/Library/Frameworks/OpenGL.framework; sourceTree = SDKROOT; };
		D61CCC011B7E5CC8004BD900 /* C2MapFile.cpp */ = {isa = PBXFileReference; fileEncoding = 4; lastKnownFileType = sourcecode.cpp.cpp; path = C2MapFile.cpp; sourceTree = "<group>"; };
		D61CCC021B7E5CC8004BD900 /* C2MapFile.h */ = {isa = PBXFileReference; fileEncoding = 4; lastKnownFileType = sourcecode.c.h; path = C2MapFile.h; sourceTree = "<group>"; };
		D61CCC071B7E653E004BD900 /* C2MapRscFile.cpp */ = {isa = PBXFileReference; fileEncoding = 4; lastKnownFileType = sourcecode.cpp.cpp; path = C2MapRscFile.cpp; sourceTree = "<group>"; };
		D61CCC081B7E653E004BD900 /* C2MapRscFile.h */ = {isa = PBXFileReference; fileEncoding = 4; lastKnownFileType = sourcecode.c.h; path = C2MapRscFile.h; sourceTree = "<group>"; };
		D61CCC0A1B7E68D0004BD900 /* CETexture.cpp */ = {isa = PBXFileReference; fileEncoding = 4; lastKnownFileType = sourcecode.cpp.cpp; path = CETexture.cpp; sourceTree = "<group>"; };
		D61CCC0B1B7E68D0004BD900 /* CETexture.h */ = {isa = PBXFileReference; fileEncoding = 4; lastKnownFileType = sourcecode.c.h; path = CETexture.h; sourceTree = "<group>"; };
		D61CCC0D1B7E7BF5004BD900 /* C2WorldModel.cpp */ = {isa = PBXFileReference; fileEncoding = 4; lastKnownFileType = sourcecode.cpp.cpp; path = C2WorldModel.cpp; sourceTree = "<group>"; };
		D61CCC0E1B7E7BF5004BD900 /* C2WorldModel.h */ = {isa = PBXFileReference; fileEncoding = 4; lastKnownFileType = sourcecode.c.h; path = C2WorldModel.h; sourceTree = "<group>"; };
		D61CCC111B811C28004BD900 /* bitmap.h */ = {isa = PBXFileReference; lastKnownFileType = sourcecode.c.h; path = bitmap.h; sourceTree = "<group>"; };
		D6212D202242B93300DAC1DD /* shader_program.h */ = {isa = PBXFileReference; lastKnownFileType = sourcecode.c.h; path = shader_program.h; sourceTree = "<group>"; };
		D6247C151B88F30F00088EB2 /* TerrainRenderer.cpp */ = {isa = PBXFileReference; fileEncoding = 4; lastKnownFileType = sourcecode.cpp.cpp; path = TerrainRenderer.cpp; sourceTree = "<group>"; };
		D6247C161B88F30F00088EB2 /* TerrainRenderer.h */ = {isa = PBXFileReference; fileEncoding = 4; lastKnownFileType = sourcecode.c.h; path = TerrainRenderer.h; sourceTree = "<group>"; };
		D64585411B7A818B00D6327E /* carnivores_mock_functions.cpp */ = {isa = PBXFileReference; fileEncoding = 4; lastKnownFileType = sourcecode.cpp.cpp; path = carnivores_mock_functions.cpp; sourceTree = "<group>"; };
		D65552291B73DA2000CC5309 /* CE Character Lab */ = {isa = PBXFileReference; explicitFileType = "compiled.mach-o.executable"; includeInIndex = 0; path = "CE Character Lab"; sourceTree = BUILT_PRODUCTS_DIR; };
		D655522C1B73DA2000CC5309 /* main.cpp */ = {isa = PBXFileReference; lastKnownFileType = sourcecode.cpp.cpp; path = main.cpp; sourceTree = "<group>"; };
		D65552331B73DA4900CC5309 /* AI_Allosaurus.h */ = {isa = PBXFileReference; fileEncoding = 4; lastKnownFileType = sourcecode.c.h; path = AI_Allosaurus.h; sourceTree = "<group>"; };
		D65552341B73DA4900CC5309 /* CEAnimatableModel.cpp */ = {isa = PBXFileReference; fileEncoding = 4; lastKnownFileType = sourcecode.cpp.cpp; path = CEAnimatableModel.cpp; sourceTree = "<group>"; };
		D65552351B73DA4900CC5309 /* CEAnimatableModel.h */ = {isa = PBXFileReference; fileEncoding = 4; lastKnownFileType = sourcecode.c.h; path = CEAnimatableModel.h; sourceTree = "<group>"; };
		D65552361B73DA4900CC5309 /* C2Character.cpp */ = {isa = PBXFileReference; fileEncoding = 4; lastKnownFileType = sourcecode.cpp.cpp; path = C2Character.cpp; sourceTree = "<group>"; };
		D65552371B73DA4900CC5309 /* C2Character.h */ = {isa = PBXFileReference; fileEncoding = 4; lastKnownFileType = sourcecode.c.h; path = C2Character.h; sourceTree = "<group>"; };
		D65552381B73DA4900CC5309 /* C2HuntableCharacter.h */ = {isa = PBXFileReference; fileEncoding = 4; lastKnownFileType = sourcecode.c.h; path = C2HuntableCharacter.h; sourceTree = "<group>"; };
		D655523D1B73DA7000CC5309 /* CEGeometry.cpp */ = {isa = PBXFileReference; fileEncoding = 4; lastKnownFileType = sourcecode.cpp.cpp; path = CEGeometry.cpp; sourceTree = "<group>"; };
		D655523E1B73DA7000CC5309 /* CEGeometry.h */ = {isa = PBXFileReference; fileEncoding = 4; lastKnownFileType = sourcecode.c.h; path = CEGeometry.h; sourceTree = "<group>"; };
		D655523F1B73DA7000CC5309 /* C2HuntableCharacter.cpp */ = {isa = PBXFileReference; fileEncoding = 4; lastKnownFileType = sourcecode.cpp.cpp; path = C2HuntableCharacter.cpp; sourceTree = "<group>"; };
		D65552401B73DA7000CC5309 /* CE_Allosaurus.cpp */ = {isa = PBXFileReference; fileEncoding = 4; lastKnownFileType = sourcecode.cpp.cpp; path = CE_Allosaurus.cpp; sourceTree = "<group>"; };
		D65552411B73DA7000CC5309 /* CE_Allosaurus.h */ = {isa = PBXFileReference; fileEncoding = 4; lastKnownFileType = sourcecode.c.h; path = CE_Allosaurus.h; sourceTree = "<group>"; };
		D65552421B73DA7000CC5309 /* CE_ArtificialIntelligence.cpp */ = {isa = PBXFileReference; fileEncoding = 4; lastKnownFileType = sourcecode.cpp.cpp; path = CE_ArtificialIntelligence.cpp; sourceTree = "<group>"; };
		D65552431B73DA7000CC5309 /* CE_ArtificialIntelligence.h */ = {isa = PBXFileReference; fileEncoding = 4; lastKnownFileType = sourcecode.c.h; path = CE_ArtificialIntelligence.h; sourceTree = "<group>"; };
		D655524C1B73DA7F00CC5309 /* Hunt.h */ = {isa = PBXFileReference; lastKnownFileType = sourcecode.c.h; path = Hunt.h; sourceTree = "<group>"; };
		D65552571B73E41900CC5309 /* C2CarFile.h */ = {isa = PBXFileReference; lastKnownFileType = sourcecode.c.h; path = C2CarFile.h; sourceTree = "<group>"; };
		D65552581B73E84E00CC5309 /* C2CarFile.cpp */ = {isa = PBXFileReference; fileEncoding = 4; lastKnownFileType = sourcecode.cpp.cpp; path = C2CarFile.cpp; sourceTree = "<group>"; };
		D655525D1B74315900CC5309 /* CEAnimation.cpp */ = {isa = PBXFileReference; fileEncoding = 4; lastKnownFileType = sourcecode.cpp.cpp; path = CEAnimation.cpp; sourceTree = "<group>"; };
		D655525E1B74315900CC5309 /* CEAnimation.h */ = {isa = PBXFileReference; fileEncoding = 4; lastKnownFileType = sourcecode.c.h; path = CEAnimation.h; sourceTree = "<group>"; };
		D65552971B755BC000CC5309 /* C2CarFilePreloader.cpp */ = {isa = PBXFileReference; fileEncoding = 4; lastKnownFileType = sourcecode.cpp.cpp; path = C2CarFilePreloader.cpp; sourceTree = "<group>"; };
		D65552981B755BC000CC5309 /* C2CarFilePreloader.h */ = {isa = PBXFileReference; fileEncoding = 4; lastKnownFileType = sourcecode.c.h; path = C2CarFilePreloader.h; sourceTree = "<group>"; };
		D65552A31B797DC200CC5309 /* AI_Allosaurus.cpp */ = {isa = PBXFileReference; fileEncoding = 4; lastKnownFileType = sourcecode.cpp.cpp; path = AI_Allosaurus.cpp; sourceTree = "<group>"; };
		D65552A51B7A325C00CC5309 /* CE_AIUtilities.cpp */ = {isa = PBXFileReference; fileEncoding = 4; lastKnownFileType = sourcecode.cpp.cpp; path = CE_AIUtilities.cpp; sourceTree = "<group>"; };
		D65552A61B7A325C00CC5309 /* CE_AIUtilities.h */ = {isa = PBXFileReference; fileEncoding = 4; lastKnownFileType = sourcecode.c.h; path = CE_AIUtilities.h; sourceTree = "<group>"; };
		D65552A81B7A3B8E00CC5309 /* g_shared.h */ = {isa = PBXFileReference; lastKnownFileType = sourcecode.c.h; path = g_shared.h; sourceTree = "<group>"; };
		D657B8931B851D3A0051BCC7 /* IndexedMeshLoader.cpp */ = {isa = PBXFileReference; fileEncoding = 4; lastKnownFileType = sourcecode.cpp.cpp; path = IndexedMeshLoader.cpp; sourceTree = "<group>"; };
		D657B8941B851D3A0051BCC7 /* IndexedMeshLoader.h */ = {isa = PBXFileReference; fileEncoding = 4; lastKnownFileType = sourcecode.c.h; path = IndexedMeshLoader.h; sourceTree = "<group>"; };
		D67F828B2243199800AC81B7 /* tga.h */ = {isa = PBXFileReference; lastKnownFileType = sourcecode.c.h; path = tga.h; sourceTree = "<group>"; };
		D67F82A12243EC5000AC81B7 /* CESimpleGeometry.cpp */ = {isa = PBXFileReference; lastKnownFileType = sourcecode.cpp.cpp; path = CESimpleGeometry.cpp; sourceTree = "<group>"; };
		D67F82A22243EC5000AC81B7 /* CESimpleGeometry.h */ = {isa = PBXFileReference; lastKnownFileType = sourcecode.c.h; path = CESimpleGeometry.h; sourceTree = "<group>"; };
		D6C77D9B22451A6A00105733 /* resources */ = {isa = PBXFileReference; lastKnownFileType = folder; name = resources; path = "CE Character Lab/resources"; sourceTree = "<group>"; };
		D6C77D9D224583CD00105733 /* CEWaterEntity.cpp */ = {isa = PBXFileReference; lastKnownFileType = sourcecode.cpp.cpp; path = CEWaterEntity.cpp; sourceTree = "<group>"; };
		D6C77D9E224583CD00105733 /* CEWaterEntity.h */ = {isa = PBXFileReference; lastKnownFileType = sourcecode.c.h; path = CEWaterEntity.h; sourceTree = "<group>"; };
		D6D3CD7120CADD3500E3ABAC /* CEObservable.cpp */ = {isa = PBXFileReference; lastKnownFileType = sourcecode.cpp.cpp; path = CEObservable.cpp; sourceTree = "<group>"; };
		D6D3CD7220CADD3500E3ABAC /* CEObservable.hpp */ = {isa = PBXFileReference; lastKnownFileType = sourcecode.cpp.h; path = CEObservable.hpp; sourceTree = "<group>"; };
		D6D3CD7420CAE07000E3ABAC /* CEPlayer.cpp */ = {isa = PBXFileReference; lastKnownFileType = sourcecode.cpp.cpp; path = CEPlayer.cpp; sourceTree = "<group>"; };
		D6D3CD7520CAE07000E3ABAC /* CEPlayer.hpp */ = {isa = PBXFileReference; lastKnownFileType = sourcecode.cpp.h; path = CEPlayer.hpp; sourceTree = "<group>"; };
		D6D3CD7720CAE6A100E3ABAC /* LocalInputManager.cpp */ = {isa = PBXFileReference; lastKnownFileType = sourcecode.cpp.cpp; path = LocalInputManager.cpp; sourceTree = "<group>"; };
		D6D3CD7820CAE6A100E3ABAC /* LocalInputManager.hpp */ = {isa = PBXFileReference; lastKnownFileType = sourcecode.cpp.h; path = LocalInputManager.hpp; sourceTree = "<group>"; };
		D6D3CD7A20CAEBBC00E3ABAC /* LocalVideoManager.cpp */ = {isa = PBXFileReference; lastKnownFileType = sourcecode.cpp.cpp; path = LocalVideoManager.cpp; sourceTree = "<group>"; };
		D6D3CD7B20CAEBBC00E3ABAC /* LocalVideoManager.hpp */ = {isa = PBXFileReference; lastKnownFileType = sourcecode.cpp.h; path = LocalVideoManager.hpp; sourceTree = "<group>"; };
		D6D3CD8420CF123400E3ABAC /* CEShaderProgram.cpp */ = {isa = PBXFileReference; lastKnownFileType = sourcecode.cpp.cpp; path = CEShaderProgram.cpp; sourceTree = "<group>"; };
		D6D3CD8520CF123400E3ABAC /* CEShaderProgram.hpp */ = {isa = PBXFileReference; lastKnownFileType = sourcecode.cpp.h; path = CEShaderProgram.hpp; sourceTree = "<group>"; };
		D6E7B8231FAB9ADF00D1C100 /* libglfw.3.2.dylib */ = {isa = PBXFileReference; lastKnownFileType = "compiled.mach-o.dylib"; name = libglfw.3.2.dylib; path = ../../../../usr/local/Cellar/glfw/3.2.1/lib/libglfw.3.2.dylib; sourceTree = "<group>"; };
		D6F2F8681B836F3A0018DBF0 /* C2Sky.cpp */ = {isa = PBXFileReference; fileEncoding = 4; lastKnownFileType = sourcecode.cpp.cpp; path = C2Sky.cpp; sourceTree = "<group>"; };
		D6F2F8691B836F3A0018DBF0 /* C2Sky.h */ = {isa = PBXFileReference; fileEncoding = 4; lastKnownFileType = sourcecode.c.h; path = C2Sky.h; sourceTree = "<group>"; };
		D6F2F8741B83855A0018DBF0 /* IOKit.framework */ = {isa = PBXFileReference; lastKnownFileType = wrapper.framework; name = IOKit.framework; path = System/Library/Frameworks/IOKit.framework; sourceTree = SDKROOT; };
		D6F2F8761B8385600018DBF0 /* Cocoa.framework */ = {isa = PBXFileReference; lastKnownFileType = wrapper.framework; name = Cocoa.framework; path = System/Library/Frameworks/Cocoa.framework; sourceTree = SDKROOT; };
		D6F2F8781B8386870018DBF0 /* libglfw3.a */ = {isa = PBXFileReference; lastKnownFileType = archive.ar; name = libglfw3.a; path = ../../../../usr/local/lib/libglfw3.a; sourceTree = "<group>"; };
		D6F2F87A1B8389330018DBF0 /* QuartzCore.framework */ = {isa = PBXFileReference; lastKnownFileType = wrapper.framework; name = QuartzCore.framework; path = System/Library/Frameworks/QuartzCore.framework; sourceTree = SDKROOT; };
		D6F2F8831B83DC0E0018DBF0 /* vertex.cpp */ = {isa = PBXFileReference; fileEncoding = 4; lastKnownFileType = sourcecode.cpp.cpp; path = vertex.cpp; sourceTree = "<group>"; };
		D6F2F8841B83DC0E0018DBF0 /* vertex.h */ = {isa = PBXFileReference; fileEncoding = 4; lastKnownFileType = sourcecode.c.h; path = vertex.h; sourceTree = "<group>"; };
		D6F2F8891B83E57D0018DBF0 /* transform.h */ = {isa = PBXFileReference; lastKnownFileType = sourcecode.c.h; path = transform.h; sourceTree = "<group>"; };
		D6F2F88A1B83E5AF0018DBF0 /* camera.h */ = {isa = PBXFileReference; lastKnownFileType = sourcecode.c.h; path = camera.h; sourceTree = "<group>"; };
/* End PBXFileReference section */

/* Begin PBXFrameworksBuildPhase section */
		D65552261B73DA2000CC5309 /* Frameworks */ = {
			isa = PBXFrameworksBuildPhase;
			buildActionMask = 2147483647;
			files = (
				D6E7B8241FAB9ADF00D1C100 /* libglfw.3.2.dylib in Frameworks */,
				D6F2F87B1B8389330018DBF0 /* QuartzCore.framework in Frameworks */,
				D6F2F8771B8385600018DBF0 /* Cocoa.framework in Frameworks */,
				D6F2F8751B83855A0018DBF0 /* IOKit.framework in Frameworks */,
				D6F2F86C1B8377E60018DBF0 /* OpenGL.framework in Frameworks */,
			);
			runOnlyForDeploymentPostprocessing = 0;
		};
/* End PBXFrameworksBuildPhase section */

/* Begin PBXGroup section */
		D64C5F211E50F22E00958C8E /* Support */ = {
			isa = PBXGroup;
			children = (
				D61CCC111B811C28004BD900 /* bitmap.h */,
				D6F2F8841B83DC0E0018DBF0 /* vertex.h */,
				D6F2F8831B83DC0E0018DBF0 /* vertex.cpp */,
				D6F2F8891B83E57D0018DBF0 /* transform.h */,
				D6F2F88A1B83E5AF0018DBF0 /* camera.h */,
				D6212D202242B93300DAC1DD /* shader_program.h */,
				D67F828B2243199800AC81B7 /* tga.h */,
			);
			name = Support;
			sourceTree = "<group>";
		};
		D65552201B73DA2000CC5309 = {
			isa = PBXGroup;
			children = (
				73A667C822468FCA0026D63A /* Info.plist */,
				D6F2F87A1B8389330018DBF0 /* QuartzCore.framework */,
				D6F2F8781B8386870018DBF0 /* libglfw3.a */,
				D6F2F8761B8385600018DBF0 /* Cocoa.framework */,
				D6F2F8741B83855A0018DBF0 /* IOKit.framework */,
				D61CCBFB1B7E200E004BD900 /* OpenGL.framework */,
				D655522B1B73DA2000CC5309 /* CE Character Lab */,
				D655522A1B73DA2000CC5309 /* Products */,
				D6C77D9B22451A6A00105733 /* resources */,
				D6E7B8221FAB9ADF00D1C100 /* Frameworks */,
			);
			indentWidth = 2;
			sourceTree = "<group>";
			tabWidth = 2;
		};
		D655522A1B73DA2000CC5309 /* Products */ = {
			isa = PBXGroup;
			children = (
				D65552291B73DA2000CC5309 /* CE Character Lab */,
			);
			name = Products;
			sourceTree = "<group>";
		};
		D655522B1B73DA2000CC5309 /* CE Character Lab */ = {
			isa = PBXGroup;
			children = (
				D65552551B73E34A00CC5309 /* Source */,
				D655524C1B73DA7F00CC5309 /* Hunt.h */,
				D655522C1B73DA2000CC5309 /* main.cpp */,
				D65552A81B7A3B8E00CC5309 /* g_shared.h */,
				D64585411B7A818B00D6327E /* carnivores_mock_functions.cpp */,
			);
			path = "CE Character Lab";
			sourceTree = "<group>";
		};
		D655524E1B73DD9300CC5309 /* Characters */ = {
			isa = PBXGroup;
			children = (
				D65552511B73DDEC00CC5309 /* AI */,
				D655524F1B73DDA500CC5309 /* Common */,
				D65552411B73DA7000CC5309 /* CE_Allosaurus.h */,
				D65552401B73DA7000CC5309 /* CE_Allosaurus.cpp */,
			);
			name = Characters;
			sourceTree = "<group>";
		};
		D655524F1B73DDA500CC5309 /* Common */ = {
			isa = PBXGroup;
			children = (
				D655523F1B73DA7000CC5309 /* C2HuntableCharacter.cpp */,
				D65552381B73DA4900CC5309 /* C2HuntableCharacter.h */,
				D65552371B73DA4900CC5309 /* C2Character.h */,
				D65552361B73DA4900CC5309 /* C2Character.cpp */,
				D6D3CD7120CADD3500E3ABAC /* CEObservable.cpp */,
				D6D3CD7220CADD3500E3ABAC /* CEObservable.hpp */,
				D6D3CD7420CAE07000E3ABAC /* CEPlayer.cpp */,
				D6D3CD7520CAE07000E3ABAC /* CEPlayer.hpp */,
				D6D3CD7720CAE6A100E3ABAC /* LocalInputManager.cpp */,
				D6D3CD7820CAE6A100E3ABAC /* LocalInputManager.hpp */,
				D6D3CD7A20CAEBBC00E3ABAC /* LocalVideoManager.cpp */,
				D6D3CD7B20CAEBBC00E3ABAC /* LocalVideoManager.hpp */,
			);
			name = Common;
			sourceTree = "<group>";
		};
		D65552501B73DDC900CC5309 /* Engine */ = {
			isa = PBXGroup;
			children = (
				D64C5F211E50F22E00958C8E /* Support */,
				D655523E1B73DA7000CC5309 /* CEGeometry.h */,
				D655523D1B73DA7000CC5309 /* CEGeometry.cpp */,
				D65552351B73DA4900CC5309 /* CEAnimatableModel.h */,
				D65552341B73DA4900CC5309 /* CEAnimatableModel.cpp */,
				D655525E1B74315900CC5309 /* CEAnimation.h */,
				D655525D1B74315900CC5309 /* CEAnimation.cpp */,
				D61CCC0B1B7E68D0004BD900 /* CETexture.h */,
				D61CCC0A1B7E68D0004BD900 /* CETexture.cpp */,
				D6D3CD8420CF123400E3ABAC /* CEShaderProgram.cpp */,
				D6D3CD8520CF123400E3ABAC /* CEShaderProgram.hpp */,
				D67F82A12243EC5000AC81B7 /* CESimpleGeometry.cpp */,
				D67F82A22243EC5000AC81B7 /* CESimpleGeometry.h */,
				D6C77D9D224583CD00105733 /* CEWaterEntity.cpp */,
				D6C77D9E224583CD00105733 /* CEWaterEntity.h */,
			);
			name = Engine;
			sourceTree = "<group>";
		};
		D65552511B73DDEC00CC5309 /* AI */ = {
			isa = PBXGroup;
			children = (
				D65552331B73DA4900CC5309 /* AI_Allosaurus.h */,
				D65552431B73DA7000CC5309 /* CE_ArtificialIntelligence.h */,
				D65552421B73DA7000CC5309 /* CE_ArtificialIntelligence.cpp */,
				D65552A31B797DC200CC5309 /* AI_Allosaurus.cpp */,
				D65552A51B7A325C00CC5309 /* CE_AIUtilities.cpp */,
				D65552A61B7A325C00CC5309 /* CE_AIUtilities.h */,
			);
			name = AI;
			sourceTree = "<group>";
		};
		D65552541B73E33E00CC5309 /* World */ = {
			isa = PBXGroup;
			children = (
				D61CCC011B7E5CC8004BD900 /* C2MapFile.cpp */,
				D61CCC021B7E5CC8004BD900 /* C2MapFile.h */,
				D61CCC071B7E653E004BD900 /* C2MapRscFile.cpp */,
				D61CCC081B7E653E004BD900 /* C2MapRscFile.h */,
				D61CCC0D1B7E7BF5004BD900 /* C2WorldModel.cpp */,
				D61CCC0E1B7E7BF5004BD900 /* C2WorldModel.h */,
				D6F2F8681B836F3A0018DBF0 /* C2Sky.cpp */,
				D6F2F8691B836F3A0018DBF0 /* C2Sky.h */,
				D6247C151B88F30F00088EB2 /* TerrainRenderer.cpp */,
				D6247C161B88F30F00088EB2 /* TerrainRenderer.h */,
			);
			name = World;
			sourceTree = "<group>";
		};
		D65552551B73E34A00CC5309 /* Source */ = {
			isa = PBXGroup;
			children = (
				D65552561B73E3DB00CC5309 /* Utilities */,
				D655524E1B73DD9300CC5309 /* Characters */,
				D65552501B73DDC900CC5309 /* Engine */,
				D65552541B73E33E00CC5309 /* World */,
			);
			name = Source;
			sourceTree = "<group>";
		};
		D65552561B73E3DB00CC5309 /* Utilities */ = {
			isa = PBXGroup;
			children = (
				D65552571B73E41900CC5309 /* C2CarFile.h */,
				D65552581B73E84E00CC5309 /* C2CarFile.cpp */,
				D65552971B755BC000CC5309 /* C2CarFilePreloader.cpp */,
				D65552981B755BC000CC5309 /* C2CarFilePreloader.h */,
				D657B8931B851D3A0051BCC7 /* IndexedMeshLoader.cpp */,
				D657B8941B851D3A0051BCC7 /* IndexedMeshLoader.h */,
			);
			name = Utilities;
			sourceTree = "<group>";
		};
		D6E7B8221FAB9ADF00D1C100 /* Frameworks */ = {
			isa = PBXGroup;
			children = (
				D6E7B8231FAB9ADF00D1C100 /* libglfw.3.2.dylib */,
			);
			name = Frameworks;
			sourceTree = "<group>";
		};
/* End PBXGroup section */

/* Begin PBXNativeTarget section */
		D65552281B73DA2000CC5309 /* CE Character Lab */ = {
			isa = PBXNativeTarget;
			buildConfigurationList = D65552301B73DA2000CC5309 /* Build configuration list for PBXNativeTarget "CE Character Lab" */;
			buildPhases = (
				D65552251B73DA2000CC5309 /* Sources */,
				D65552261B73DA2000CC5309 /* Frameworks */,
				D65552271B73DA2000CC5309 /* CopyFiles */,
			);
			buildRules = (
			);
			dependencies = (
			);
			name = "CE Character Lab";
			productName = "CE Character Lab";
			productReference = D65552291B73DA2000CC5309 /* CE Character Lab */;
			productType = "com.apple.product-type.tool";
		};
/* End PBXNativeTarget section */

/* Begin PBXProject section */
		D65552211B73DA2000CC5309 /* Project object */ = {
			isa = PBXProject;
			attributes = {
				LastUpgradeCheck = 1010;
				ORGANIZATIONNAME = "Tyler Minard";
				TargetAttributes = {
					D65552281B73DA2000CC5309 = {
						CreatedOnToolsVersion = 6.4;
					};
				};
			};
			buildConfigurationList = D65552241B73DA2000CC5309 /* Build configuration list for PBXProject "CE Character Lab" */;
			compatibilityVersion = "Xcode 3.2";
			developmentRegion = English;
			hasScannedForEncodings = 0;
			knownRegions = (
				en,
			);
			mainGroup = D65552201B73DA2000CC5309;
			productRefGroup = D655522A1B73DA2000CC5309 /* Products */;
			projectDirPath = "";
			projectRoot = "";
			targets = (
				D65552281B73DA2000CC5309 /* CE Character Lab */,
			);
		};
/* End PBXProject section */

/* Begin PBXSourcesBuildPhase section */
		D65552251B73DA2000CC5309 /* Sources */ = {
			isa = PBXSourcesBuildPhase;
			buildActionMask = 2147483647;
			files = (
				D6D3CD7920CAE6A100E3ABAC /* LocalInputManager.cpp in Sources */,
				D655524A1B73DA7000CC5309 /* CE_ArtificialIntelligence.cpp in Sources */,
				D61CCC031B7E5CC8004BD900 /* C2MapFile.cpp in Sources */,
				D6D3CD8620CF123400E3ABAC /* CEShaderProgram.cpp in Sources */,
				D65552491B73DA7000CC5309 /* CE_Allosaurus.cpp in Sources */,
				D65552A71B7A325C00CC5309 /* CE_AIUtilities.cpp in Sources */,
				D67F82A32243EC5000AC81B7 /* CESimpleGeometry.cpp in Sources */,
				D6D3CD7620CAE07000E3ABAC /* CEPlayer.cpp in Sources */,
				D65552591B73E84E00CC5309 /* C2CarFile.cpp in Sources */,
				D65552991B755BC000CC5309 /* C2CarFilePreloader.cpp in Sources */,
				D6D3CD7C20CAEBBC00E3ABAC /* LocalVideoManager.cpp in Sources */,
				D655523A1B73DA4900CC5309 /* C2Character.cpp in Sources */,
				D61CCC091B7E653E004BD900 /* C2MapRscFile.cpp in Sources */,
				D6F2F8851B83DC0E0018DBF0 /* vertex.cpp in Sources */,
				D657B8951B851D3A0051BCC7 /* IndexedMeshLoader.cpp in Sources */,
				D6F2F86A1B836F3A0018DBF0 /* C2Sky.cpp in Sources */,
				D65552471B73DA7000CC5309 /* CEGeometry.cpp in Sources */,
				D61CCC0C1B7E68D0004BD900 /* CETexture.cpp in Sources */,
				D65552481B73DA7000CC5309 /* C2HuntableCharacter.cpp in Sources */,
				D655525F1B74315900CC5309 /* CEAnimation.cpp in Sources */,
				D65552391B73DA4900CC5309 /* CEAnimatableModel.cpp in Sources */,
				D6247C171B88F30F00088EB2 /* TerrainRenderer.cpp in Sources */,
				D655522D1B73DA2000CC5309 /* main.cpp in Sources */,
				D64585421B7A818B00D6327E /* carnivores_mock_functions.cpp in Sources */,
				D6C77D9F224583CD00105733 /* CEWaterEntity.cpp in Sources */,
				D65552A41B797DC200CC5309 /* AI_Allosaurus.cpp in Sources */,
				D6D3CD7320CADD3500E3ABAC /* CEObservable.cpp in Sources */,
				D61CCC0F1B7E7BF5004BD900 /* C2WorldModel.cpp in Sources */,
			);
			runOnlyForDeploymentPostprocessing = 0;
		};
/* End PBXSourcesBuildPhase section */

/* Begin XCBuildConfiguration section */
		D655522E1B73DA2000CC5309 /* Debug */ = {
			isa = XCBuildConfiguration;
			buildSettings = {
				ALWAYS_SEARCH_USER_PATHS = NO;
				CLANG_CXX_LANGUAGE_STANDARD = "gnu++0x";
				CLANG_CXX_LIBRARY = "libc++";
				CLANG_ENABLE_MODULES = YES;
				CLANG_ENABLE_OBJC_ARC = YES;
				CLANG_WARN_BLOCK_CAPTURE_AUTORELEASING = YES;
				CLANG_WARN_BOOL_CONVERSION = YES;
				CLANG_WARN_COMMA = YES;
				CLANG_WARN_CONSTANT_CONVERSION = YES;
				CLANG_WARN_DEPRECATED_OBJC_IMPLEMENTATIONS = YES;
				CLANG_WARN_DIRECT_OBJC_ISA_USAGE = YES_ERROR;
				CLANG_WARN_EMPTY_BODY = YES;
				CLANG_WARN_ENUM_CONVERSION = YES;
				CLANG_WARN_INFINITE_RECURSION = YES;
				CLANG_WARN_INT_CONVERSION = YES;
				CLANG_WARN_NON_LITERAL_NULL_CONVERSION = YES;
				CLANG_WARN_OBJC_IMPLICIT_RETAIN_SELF = YES;
				CLANG_WARN_OBJC_LITERAL_CONVERSION = YES;
				CLANG_WARN_OBJC_ROOT_CLASS = YES_ERROR;
				CLANG_WARN_RANGE_LOOP_ANALYSIS = YES;
				CLANG_WARN_STRICT_PROTOTYPES = YES;
				CLANG_WARN_SUSPICIOUS_MOVE = YES;
				CLANG_WARN_UNREACHABLE_CODE = YES;
				CLANG_WARN__DUPLICATE_METHOD_MATCH = YES;
				COPY_PHASE_STRIP = NO;
				DEBUG_INFORMATION_FORMAT = dwarf;
				ENABLE_STRICT_OBJC_MSGSEND = YES;
				ENABLE_TESTABILITY = YES;
				GCC_C_LANGUAGE_STANDARD = gnu99;
				GCC_DYNAMIC_NO_PIC = NO;
				GCC_NO_COMMON_BLOCKS = YES;
				GCC_OPTIMIZATION_LEVEL = 0;
				GCC_PREPROCESSOR_DEFINITIONS = (
					"DEBUG=1",
					"$(inherited)",
				);
				GCC_SYMBOLS_PRIVATE_EXTERN = NO;
				GCC_WARN_64_TO_32_BIT_CONVERSION = YES;
				GCC_WARN_ABOUT_RETURN_TYPE = YES_ERROR;
				GCC_WARN_UNDECLARED_SELECTOR = YES;
				GCC_WARN_UNINITIALIZED_AUTOS = YES_AGGRESSIVE;
				GCC_WARN_UNUSED_FUNCTION = YES;
				GCC_WARN_UNUSED_VARIABLE = YES;
				MACOSX_DEPLOYMENT_TARGET = 10.10;
				MTL_ENABLE_DEBUG_INFO = YES;
				ONLY_ACTIVE_ARCH = YES;
				SDKROOT = macosx;
			};
			name = Debug;
		};
		D655522F1B73DA2000CC5309 /* Release */ = {
			isa = XCBuildConfiguration;
			buildSettings = {
				ALWAYS_SEARCH_USER_PATHS = NO;
				CLANG_CXX_LANGUAGE_STANDARD = "gnu++0x";
				CLANG_CXX_LIBRARY = "libc++";
				CLANG_ENABLE_MODULES = YES;
				CLANG_ENABLE_OBJC_ARC = YES;
				CLANG_WARN_BLOCK_CAPTURE_AUTORELEASING = YES;
				CLANG_WARN_BOOL_CONVERSION = YES;
				CLANG_WARN_COMMA = YES;
				CLANG_WARN_CONSTANT_CONVERSION = YES;
				CLANG_WARN_DEPRECATED_OBJC_IMPLEMENTATIONS = YES;
				CLANG_WARN_DIRECT_OBJC_ISA_USAGE = YES_ERROR;
				CLANG_WARN_EMPTY_BODY = YES;
				CLANG_WARN_ENUM_CONVERSION = YES;
				CLANG_WARN_INFINITE_RECURSION = YES;
				CLANG_WARN_INT_CONVERSION = YES;
				CLANG_WARN_NON_LITERAL_NULL_CONVERSION = YES;
				CLANG_WARN_OBJC_IMPLICIT_RETAIN_SELF = YES;
				CLANG_WARN_OBJC_LITERAL_CONVERSION = YES;
				CLANG_WARN_OBJC_ROOT_CLASS = YES_ERROR;
				CLANG_WARN_RANGE_LOOP_ANALYSIS = YES;
				CLANG_WARN_STRICT_PROTOTYPES = YES;
				CLANG_WARN_SUSPICIOUS_MOVE = YES;
				CLANG_WARN_UNREACHABLE_CODE = YES;
				CLANG_WARN__DUPLICATE_METHOD_MATCH = YES;
				COPY_PHASE_STRIP = NO;
				DEBUG_INFORMATION_FORMAT = "dwarf-with-dsym";
				ENABLE_NS_ASSERTIONS = NO;
				ENABLE_STRICT_OBJC_MSGSEND = YES;
				GCC_C_LANGUAGE_STANDARD = gnu99;
				GCC_NO_COMMON_BLOCKS = YES;
				GCC_WARN_64_TO_32_BIT_CONVERSION = YES;
				GCC_WARN_ABOUT_RETURN_TYPE = YES_ERROR;
				GCC_WARN_UNDECLARED_SELECTOR = YES;
				GCC_WARN_UNINITIALIZED_AUTOS = YES_AGGRESSIVE;
				GCC_WARN_UNUSED_FUNCTION = YES;
				GCC_WARN_UNUSED_VARIABLE = YES;
				MACOSX_DEPLOYMENT_TARGET = 10.10;
				MTL_ENABLE_DEBUG_INFO = NO;
				SDKROOT = macosx;
			};
			name = Release;
		};
		D65552311B73DA2000CC5309 /* Debug */ = {
			isa = XCBuildConfiguration;
			buildSettings = {
				CLANG_ENABLE_MODULES = YES;
				HEADER_SEARCH_PATHS = (
					"$(inherited)",
					/Applications/Xcode.app/Contents/Developer/Toolchains/XcodeDefault.xctoolchain/usr/include,
					/usr/local/include,
				);
				INFOPLIST_FILE = "$(SRCROOT)/Info.plist";
				LIBRARY_SEARCH_PATHS = (
					/usr/local/lib,
					/usr/local/Cellar/glfw/3.2.1/lib,
				);
				PRODUCT_BUNDLE_IDENTIFIER = com.adelphospro.cce;
				PRODUCT_NAME = "$(TARGET_NAME)";
			};
			name = Debug;
		};
		D65552321B73DA2000CC5309 /* Release */ = {
			isa = XCBuildConfiguration;
			buildSettings = {
				CLANG_ENABLE_MODULES = YES;
				HEADER_SEARCH_PATHS = (
					"$(inherited)",
					/Applications/Xcode.app/Contents/Developer/Toolchains/XcodeDefault.xctoolchain/usr/include,
					/usr/local/include,
				);
				INFOPLIST_FILE = "$(SRCROOT)/Info.plist";
				LIBRARY_SEARCH_PATHS = (
					/usr/local/lib,
					/usr/local/Cellar/glfw/3.2.1/lib,
				);
				PRODUCT_BUNDLE_IDENTIFIER = com.adelphospro.cce;
				PRODUCT_NAME = "$(TARGET_NAME)";
			};
			name = Release;
		};
/* End XCBuildConfiguration section */

/* Begin XCConfigurationList section */
		D65552241B73DA2000CC5309 /* Build configuration list for PBXProject "CE Character Lab" */ = {
			isa = XCConfigurationList;
			buildConfigurations = (
				D655522E1B73DA2000CC5309 /* Debug */,
				D655522F1B73DA2000CC5309 /* Release */,
			);
			defaultConfigurationIsVisible = 0;
			defaultConfigurationName = Release;
		};
		D65552301B73DA2000CC5309 /* Build configuration list for PBXNativeTarget "CE Character Lab" */ = {
			isa = XCConfigurationList;
			buildConfigurations = (
				D65552311B73DA2000CC5309 /* Debug */,
				D65552321B73DA2000CC5309 /* Release */,
			);
			defaultConfigurationIsVisible = 0;
			defaultConfigurationName = Release;
		};
/* End XCConfigurationList section */
	};
	rootObject = D65552211B73DA2000CC5309 /* Project object */;
}
